// !$*UTF8*$!
{
	archiveVersion = 1;
	classes = {
	};
	objectVersion = 48;
	objects = {

/* Begin PBXBuildFile section */
		20B799912001BE6D00121575 /* AppDelegate.swift in Sources */ = {isa = PBXBuildFile; fileRef = 20B799902001BE6D00121575 /* AppDelegate.swift */; };
		20B799932001BE6D00121575 /* ViewController.swift in Sources */ = {isa = PBXBuildFile; fileRef = 20B799922001BE6D00121575 /* ViewController.swift */; };
		20B799962001BE6D00121575 /* Main.storyboard in Resources */ = {isa = PBXBuildFile; fileRef = 20B799942001BE6D00121575 /* Main.storyboard */; };
		20B799992001BE6D00121575 /* Ask_It.xcdatamodeld in Sources */ = {isa = PBXBuildFile; fileRef = 20B799972001BE6D00121575 /* Ask_It.xcdatamodeld */; };
		20B7999B2001BE6D00121575 /* Assets.xcassets in Resources */ = {isa = PBXBuildFile; fileRef = 20B7999A2001BE6D00121575 /* Assets.xcassets */; };
		20B7999E2001BE6E00121575 /* LaunchScreen.storyboard in Resources */ = {isa = PBXBuildFile; fileRef = 20B7999C2001BE6E00121575 /* LaunchScreen.storyboard */; };
		20B799A92001BE6E00121575 /* Ask_ItTests.swift in Sources */ = {isa = PBXBuildFile; fileRef = 20B799A82001BE6E00121575 /* Ask_ItTests.swift */; };
		20B799B42001BE6E00121575 /* Ask_ItUITests.swift in Sources */ = {isa = PBXBuildFile; fileRef = 20B799B32001BE6E00121575 /* Ask_ItUITests.swift */; };
/* End PBXBuildFile section */

/* Begin PBXContainerItemProxy section */
		20B799A52001BE6E00121575 /* PBXContainerItemProxy */ = {
			isa = PBXContainerItemProxy;
			containerPortal = 20B799852001BE6D00121575 /* Project object */;
			proxyType = 1;
			remoteGlobalIDString = 20B7998C2001BE6D00121575;
			remoteInfo = "Ask It";
		};
		20B799B02001BE6E00121575 /* PBXContainerItemProxy */ = {
			isa = PBXContainerItemProxy;
			containerPortal = 20B799852001BE6D00121575 /* Project object */;
			proxyType = 1;
			remoteGlobalIDString = 20B7998C2001BE6D00121575;
			remoteInfo = "Ask It";
		};
/* End PBXContainerItemProxy section */

/* Begin PBXFileReference section */
		20B7998D2001BE6D00121575 /* Ask It.app */ = {isa = PBXFileReference; explicitFileType = wrapper.application; includeInIndex = 0; path = "Ask It.app"; sourceTree = BUILT_PRODUCTS_DIR; };
		20B799902001BE6D00121575 /* AppDelegate.swift */ = {isa = PBXFileReference; lastKnownFileType = sourcecode.swift; path = AppDelegate.swift; sourceTree = "<group>"; };
		20B799922001BE6D00121575 /* ViewController.swift */ = {isa = PBXFileReference; lastKnownFileType = sourcecode.swift; path = ViewController.swift; sourceTree = "<group>"; };
		20B799952001BE6D00121575 /* Base */ = {isa = PBXFileReference; lastKnownFileType = file.storyboard; name = Base; path = Base.lproj/Main.storyboard; sourceTree = "<group>"; };
		20B799982001BE6D00121575 /* Ask_It.xcdatamodel */ = {isa = PBXFileReference; lastKnownFileType = wrapper.xcdatamodel; path = Ask_It.xcdatamodel; sourceTree = "<group>"; };
		20B7999A2001BE6D00121575 /* Assets.xcassets */ = {isa = PBXFileReference; lastKnownFileType = folder.assetcatalog; path = Assets.xcassets; sourceTree = "<group>"; };
		20B7999D2001BE6E00121575 /* Base */ = {isa = PBXFileReference; lastKnownFileType = file.storyboard; name = Base; path = Base.lproj/LaunchScreen.storyboard; sourceTree = "<group>"; };
		20B7999F2001BE6E00121575 /* Info.plist */ = {isa = PBXFileReference; lastKnownFileType = text.plist.xml; path = Info.plist; sourceTree = "<group>"; };
		20B799A42001BE6E00121575 /* Ask ItTests.xctest */ = {isa = PBXFileReference; explicitFileType = wrapper.cfbundle; includeInIndex = 0; path = "Ask ItTests.xctest"; sourceTree = BUILT_PRODUCTS_DIR; };
		20B799A82001BE6E00121575 /* Ask_ItTests.swift */ = {isa = PBXFileReference; lastKnownFileType = sourcecode.swift; path = Ask_ItTests.swift; sourceTree = "<group>"; };
		20B799AA2001BE6E00121575 /* Info.plist */ = {isa = PBXFileReference; lastKnownFileType = text.plist.xml; path = Info.plist; sourceTree = "<group>"; };
		20B799AF2001BE6E00121575 /* Ask ItUITests.xctest */ = {isa = PBXFileReference; explicitFileType = wrapper.cfbundle; includeInIndex = 0; path = "Ask ItUITests.xctest"; sourceTree = BUILT_PRODUCTS_DIR; };
		20B799B32001BE6E00121575 /* Ask_ItUITests.swift */ = {isa = PBXFileReference; lastKnownFileType = sourcecode.swift; path = Ask_ItUITests.swift; sourceTree = "<group>"; };
		20B799B52001BE6E00121575 /* Info.plist */ = {isa = PBXFileReference; lastKnownFileType = text.plist.xml; path = Info.plist; sourceTree = "<group>"; };
/* End PBXFileReference section */

/* Begin PBXFrameworksBuildPhase section */
		20B7998A2001BE6D00121575 /* Frameworks */ = {
			isa = PBXFrameworksBuildPhase;
			buildActionMask = 2147483647;
			files = (
			);
			runOnlyForDeploymentPostprocessing = 0;
		};
		20B799A12001BE6E00121575 /* Frameworks */ = {
			isa = PBXFrameworksBuildPhase;
			buildActionMask = 2147483647;
			files = (
			);
			runOnlyForDeploymentPostprocessing = 0;
		};
		20B799AC2001BE6E00121575 /* Frameworks */ = {
			isa = PBXFrameworksBuildPhase;
			buildActionMask = 2147483647;
			files = (
			);
			runOnlyForDeploymentPostprocessing = 0;
		};
/* End PBXFrameworksBuildPhase section */

/* Begin PBXGroup section */
		20B799842001BE6D00121575 = {
			isa = PBXGroup;
			children = (
				20B7998F2001BE6D00121575 /* Ask It */,
				20B799A72001BE6E00121575 /* Ask ItTests */,
				20B799B22001BE6E00121575 /* Ask ItUITests */,
				20B7998E2001BE6D00121575 /* Products */,
			);
			sourceTree = "<group>";
		};
		20B7998E2001BE6D00121575 /* Products */ = {
			isa = PBXGroup;
			children = (
				20B7998D2001BE6D00121575 /* Ask It.app */,
				20B799A42001BE6E00121575 /* Ask ItTests.xctest */,
				20B799AF2001BE6E00121575 /* Ask ItUITests.xctest */,
			);
			name = Products;
			sourceTree = "<group>";
		};
		20B7998F2001BE6D00121575 /* Ask It */ = {
			isa = PBXGroup;
			children = (
				20B799902001BE6D00121575 /* AppDelegate.swift */,
				20B799922001BE6D00121575 /* ViewController.swift */,
				20B799942001BE6D00121575 /* Main.storyboard */,
				20B7999A2001BE6D00121575 /* Assets.xcassets */,
				20B7999C2001BE6E00121575 /* LaunchScreen.storyboard */,
				20B7999F2001BE6E00121575 /* Info.plist */,
				20B799972001BE6D00121575 /* Ask_It.xcdatamodeld */,
			);
			path = "Ask It";
			sourceTree = "<group>";
		};
		20B799A72001BE6E00121575 /* Ask ItTests */ = {
			isa = PBXGroup;
			children = (
				20B799A82001BE6E00121575 /* Ask_ItTests.swift */,
				20B799AA2001BE6E00121575 /* Info.plist */,
			);
			path = "Ask ItTests";
			sourceTree = "<group>";
		};
		20B799B22001BE6E00121575 /* Ask ItUITests */ = {
			isa = PBXGroup;
			children = (
				20B799B32001BE6E00121575 /* Ask_ItUITests.swift */,
				20B799B52001BE6E00121575 /* Info.plist */,
			);
			path = "Ask ItUITests";
			sourceTree = "<group>";
		};
/* End PBXGroup section */

/* Begin PBXNativeTarget section */
		20B7998C2001BE6D00121575 /* Ask It */ = {
			isa = PBXNativeTarget;
			buildConfigurationList = 20B799B82001BE6E00121575 /* Build configuration list for PBXNativeTarget "Ask It" */;
			buildPhases = (
				20B799892001BE6D00121575 /* Sources */,
				20B7998A2001BE6D00121575 /* Frameworks */,
				20B7998B2001BE6D00121575 /* Resources */,
			);
			buildRules = (
			);
			dependencies = (
			);
			name = "Ask It";
			productName = "Ask It";
			productReference = 20B7998D2001BE6D00121575 /* Ask It.app */;
			productType = "com.apple.product-type.application";
		};
		20B799A32001BE6E00121575 /* Ask ItTests */ = {
			isa = PBXNativeTarget;
			buildConfigurationList = 20B799BB2001BE6E00121575 /* Build configuration list for PBXNativeTarget "Ask ItTests" */;
			buildPhases = (
				20B799A02001BE6E00121575 /* Sources */,
				20B799A12001BE6E00121575 /* Frameworks */,
				20B799A22001BE6E00121575 /* Resources */,
			);
			buildRules = (
			);
			dependencies = (
				20B799A62001BE6E00121575 /* PBXTargetDependency */,
			);
			name = "Ask ItTests";
			productName = "Ask ItTests";
			productReference = 20B799A42001BE6E00121575 /* Ask ItTests.xctest */;
			productType = "com.apple.product-type.bundle.unit-test";
		};
		20B799AE2001BE6E00121575 /* Ask ItUITests */ = {
			isa = PBXNativeTarget;
			buildConfigurationList = 20B799BE2001BE6E00121575 /* Build configuration list for PBXNativeTarget "Ask ItUITests" */;
			buildPhases = (
				20B799AB2001BE6E00121575 /* Sources */,
				20B799AC2001BE6E00121575 /* Frameworks */,
				20B799AD2001BE6E00121575 /* Resources */,
			);
			buildRules = (
			);
			dependencies = (
				20B799B12001BE6E00121575 /* PBXTargetDependency */,
			);
			name = "Ask ItUITests";
			productName = "Ask ItUITests";
			productReference = 20B799AF2001BE6E00121575 /* Ask ItUITests.xctest */;
			productType = "com.apple.product-type.bundle.ui-testing";
		};
/* End PBXNativeTarget section */

/* Begin PBXProject section */
		20B799852001BE6D00121575 /* Project object */ = {
			isa = PBXProject;
			attributes = {
				LastSwiftUpdateCheck = 0920;
				LastUpgradeCheck = 0920;
				ORGANIZATIONNAME = workstreak;
				TargetAttributes = {
					20B7998C2001BE6D00121575 = {
						CreatedOnToolsVersion = 9.2;
						ProvisioningStyle = Automatic;
					};
					20B799A32001BE6E00121575 = {
						CreatedOnToolsVersion = 9.2;
						ProvisioningStyle = Automatic;
						TestTargetID = 20B7998C2001BE6D00121575;
					};
					20B799AE2001BE6E00121575 = {
						CreatedOnToolsVersion = 9.2;
						ProvisioningStyle = Automatic;
						TestTargetID = 20B7998C2001BE6D00121575;
					};
				};
			};
			buildConfigurationList = 20B799882001BE6D00121575 /* Build configuration list for PBXProject "Ask It" */;
			compatibilityVersion = "Xcode 8.0";
			developmentRegion = en;
			hasScannedForEncodings = 0;
			knownRegions = (
				en,
				Base,
			);
			mainGroup = 20B799842001BE6D00121575;
			productRefGroup = 20B7998E2001BE6D00121575 /* Products */;
			projectDirPath = "";
			projectRoot = "";
			targets = (
				20B7998C2001BE6D00121575 /* Ask It */,
				20B799A32001BE6E00121575 /* Ask ItTests */,
				20B799AE2001BE6E00121575 /* Ask ItUITests */,
			);
		};
/* End PBXProject section */

/* Begin PBXResourcesBuildPhase section */
		20B7998B2001BE6D00121575 /* Resources */ = {
			isa = PBXResourcesBuildPhase;
			buildActionMask = 2147483647;
			files = (
				20B7999E2001BE6E00121575 /* LaunchScreen.storyboard in Resources */,
				20B7999B2001BE6D00121575 /* Assets.xcassets in Resources */,
				20B799962001BE6D00121575 /* Main.storyboard in Resources */,
			);
			runOnlyForDeploymentPostprocessing = 0;
		};
		20B799A22001BE6E00121575 /* Resources */ = {
			isa = PBXResourcesBuildPhase;
			buildActionMask = 2147483647;
			files = (
			);
			runOnlyForDeploymentPostprocessing = 0;
		};
		20B799AD2001BE6E00121575 /* Resources */ = {
			isa = PBXResourcesBuildPhase;
			buildActionMask = 2147483647;
			files = (
			);
			runOnlyForDeploymentPostprocessing = 0;
		};
/* End PBXResourcesBuildPhase section */

/* Begin PBXSourcesBuildPhase section */
		20B799892001BE6D00121575 /* Sources */ = {
			isa = PBXSourcesBuildPhase;
			buildActionMask = 2147483647;
			files = (
				20B799932001BE6D00121575 /* ViewController.swift in Sources */,
				20B799912001BE6D00121575 /* AppDelegate.swift in Sources */,
				20B799992001BE6D00121575 /* Ask_It.xcdatamodeld in Sources */,
			);
			runOnlyForDeploymentPostprocessing = 0;
		};
		20B799A02001BE6E00121575 /* Sources */ = {
			isa = PBXSourcesBuildPhase;
			buildActionMask = 2147483647;
			files = (
				20B799A92001BE6E00121575 /* Ask_ItTests.swift in Sources */,
			);
			runOnlyForDeploymentPostprocessing = 0;
		};
		20B799AB2001BE6E00121575 /* Sources */ = {
			isa = PBXSourcesBuildPhase;
			buildActionMask = 2147483647;
			files = (
				20B799B42001BE6E00121575 /* Ask_ItUITests.swift in Sources */,
			);
			runOnlyForDeploymentPostprocessing = 0;
		};
/* End PBXSourcesBuildPhase section */

/* Begin PBXTargetDependency section */
		20B799A62001BE6E00121575 /* PBXTargetDependency */ = {
			isa = PBXTargetDependency;
			target = 20B7998C2001BE6D00121575 /* Ask It */;
			targetProxy = 20B799A52001BE6E00121575 /* PBXContainerItemProxy */;
		};
		20B799B12001BE6E00121575 /* PBXTargetDependency */ = {
			isa = PBXTargetDependency;
			target = 20B7998C2001BE6D00121575 /* Ask It */;
			targetProxy = 20B799B02001BE6E00121575 /* PBXContainerItemProxy */;
		};
/* End PBXTargetDependency section */

/* Begin PBXVariantGroup section */
		20B799942001BE6D00121575 /* Main.storyboard */ = {
			isa = PBXVariantGroup;
			children = (
				20B799952001BE6D00121575 /* Base */,
			);
			name = Main.storyboard;
			sourceTree = "<group>";
		};
		20B7999C2001BE6E00121575 /* LaunchScreen.storyboard */ = {
			isa = PBXVariantGroup;
			children = (
				20B7999D2001BE6E00121575 /* Base */,
			);
			name = LaunchScreen.storyboard;
			sourceTree = "<group>";
		};
/* End PBXVariantGroup section */

/* Begin XCBuildConfiguration section */
		20B799B62001BE6E00121575 /* Debug */ = {
			isa = XCBuildConfiguration;
			buildSettings = {
				ALWAYS_SEARCH_USER_PATHS = NO;
				CLANG_ANALYZER_NONNULL = YES;
				CLANG_ANALYZER_NUMBER_OBJECT_CONVERSION = YES_AGGRESSIVE;
				CLANG_CXX_LANGUAGE_STANDARD = "gnu++14";
				CLANG_CXX_LIBRARY = "libc++";
				CLANG_ENABLE_MODULES = YES;
				CLANG_ENABLE_OBJC_ARC = YES;
				CLANG_WARN_BLOCK_CAPTURE_AUTORELEASING = YES;
				CLANG_WARN_BOOL_CONVERSION = YES;
				CLANG_WARN_COMMA = YES;
				CLANG_WARN_CONSTANT_CONVERSION = YES;
				CLANG_WARN_DIRECT_OBJC_ISA_USAGE = YES_ERROR;
				CLANG_WARN_DOCUMENTATION_COMMENTS = YES;
				CLANG_WARN_EMPTY_BODY = YES;
				CLANG_WARN_ENUM_CONVERSION = YES;
				CLANG_WARN_INFINITE_RECURSION = YES;
				CLANG_WARN_INT_CONVERSION = YES;
				CLANG_WARN_NON_LITERAL_NULL_CONVERSION = YES;
				CLANG_WARN_OBJC_LITERAL_CONVERSION = YES;
				CLANG_WARN_OBJC_ROOT_CLASS = YES_ERROR;
				CLANG_WARN_RANGE_LOOP_ANALYSIS = YES;
				CLANG_WARN_STRICT_PROTOTYPES = YES;
				CLANG_WARN_SUSPICIOUS_MOVE = YES;
				CLANG_WARN_UNGUARDED_AVAILABILITY = YES_AGGRESSIVE;
				CLANG_WARN_UNREACHABLE_CODE = YES;
				CLANG_WARN__DUPLICATE_METHOD_MATCH = YES;
				CODE_SIGN_IDENTITY = "iPhone Developer";
				COPY_PHASE_STRIP = NO;
				DEBUG_INFORMATION_FORMAT = dwarf;
				ENABLE_STRICT_OBJC_MSGSEND = YES;
				ENABLE_TESTABILITY = YES;
				GCC_C_LANGUAGE_STANDARD = gnu11;
				GCC_DYNAMIC_NO_PIC = NO;
				GCC_NO_COMMON_BLOCKS = YES;
				GCC_OPTIMIZATION_LEVEL = 0;
				GCC_PREPROCESSOR_DEFINITIONS = (
					"DEBUG=1",
					"$(inherited)",
				);
				GCC_WARN_64_TO_32_BIT_CONVERSION = YES;
				GCC_WARN_ABOUT_RETURN_TYPE = YES_ERROR;
				GCC_WARN_UNDECLARED_SELECTOR = YES;
				GCC_WARN_UNINITIALIZED_AUTOS = YES_AGGRESSIVE;
				GCC_WARN_UNUSED_FUNCTION = YES;
				GCC_WARN_UNUSED_VARIABLE = YES;
				IPHONEOS_DEPLOYMENT_TARGET = 11.2;
				MTL_ENABLE_DEBUG_INFO = YES;
				ONLY_ACTIVE_ARCH = YES;
				SDKROOT = iphoneos;
				SWIFT_ACTIVE_COMPILATION_CONDITIONS = DEBUG;
				SWIFT_OPTIMIZATION_LEVEL = "-Onone";
			};
			name = Debug;
		};
		20B799B72001BE6E00121575 /* Release */ = {
			isa = XCBuildConfiguration;
			buildSettings = {
				ALWAYS_SEARCH_USER_PATHS = NO;
				CLANG_ANALYZER_NONNULL = YES;
				CLANG_ANALYZER_NUMBER_OBJECT_CONVERSION = YES_AGGRESSIVE;
				CLANG_CXX_LANGUAGE_STANDARD = "gnu++14";
				CLANG_CXX_LIBRARY = "libc++";
				CLANG_ENABLE_MODULES = YES;
				CLANG_ENABLE_OBJC_ARC = YES;
				CLANG_WARN_BLOCK_CAPTURE_AUTORELEASING = YES;
				CLANG_WARN_BOOL_CONVERSION = YES;
				CLANG_WARN_COMMA = YES;
				CLANG_WARN_CONSTANT_CONVERSION = YES;
				CLANG_WARN_DIRECT_OBJC_ISA_USAGE = YES_ERROR;
				CLANG_WARN_DOCUMENTATION_COMMENTS = YES;
				CLANG_WARN_EMPTY_BODY = YES;
				CLANG_WARN_ENUM_CONVERSION = YES;
				CLANG_WARN_INFINITE_RECURSION = YES;
				CLANG_WARN_INT_CONVERSION = YES;
				CLANG_WARN_NON_LITERAL_NULL_CONVERSION = YES;
				CLANG_WARN_OBJC_LITERAL_CONVERSION = YES;
				CLANG_WARN_OBJC_ROOT_CLASS = YES_ERROR;
				CLANG_WARN_RANGE_LOOP_ANALYSIS = YES;
				CLANG_WARN_STRICT_PROTOTYPES = YES;
				CLANG_WARN_SUSPICIOUS_MOVE = YES;
				CLANG_WARN_UNGUARDED_AVAILABILITY = YES_AGGRESSIVE;
				CLANG_WARN_UNREACHABLE_CODE = YES;
				CLANG_WARN__DUPLICATE_METHOD_MATCH = YES;
				CODE_SIGN_IDENTITY = "iPhone Developer";
				COPY_PHASE_STRIP = NO;
				DEBUG_INFORMATION_FORMAT = "dwarf-with-dsym";
				ENABLE_NS_ASSERTIONS = NO;
				ENABLE_STRICT_OBJC_MSGSEND = YES;
				GCC_C_LANGUAGE_STANDARD = gnu11;
				GCC_NO_COMMON_BLOCKS = YES;
				GCC_WARN_64_TO_32_BIT_CONVERSION = YES;
				GCC_WARN_ABOUT_RETURN_TYPE = YES_ERROR;
				GCC_WARN_UNDECLARED_SELECTOR = YES;
				GCC_WARN_UNINITIALIZED_AUTOS = YES_AGGRESSIVE;
				GCC_WARN_UNUSED_FUNCTION = YES;
				GCC_WARN_UNUSED_VARIABLE = YES;
				IPHONEOS_DEPLOYMENT_TARGET = 11.2;
				MTL_ENABLE_DEBUG_INFO = NO;
				SDKROOT = iphoneos;
				SWIFT_OPTIMIZATION_LEVEL = "-Owholemodule";
				VALIDATE_PRODUCT = YES;
			};
			name = Release;
		};
		20B799B92001BE6E00121575 /* Debug */ = {
			isa = XCBuildConfiguration;
			buildSettings = {
				ASSETCATALOG_COMPILER_APPICON_NAME = AppIcon;
				CODE_SIGN_STYLE = Automatic;
				DEVELOPMENT_TEAM = 529UW8C346;
				INFOPLIST_FILE = "Ask It/Info.plist";
				LD_RUNPATH_SEARCH_PATHS = "$(inherited) @executable_path/Frameworks";
				PRODUCT_BUNDLE_IDENTIFIER = "com.workstreak.Ask-It";
				PRODUCT_NAME = "$(TARGET_NAME)";
				SWIFT_VERSION = 4.0;
				TARGETED_DEVICE_FAMILY = "1,2";
			};
			name = Debug;
		};
		20B799BA2001BE6E00121575 /* Release */ = {
			isa = XCBuildConfiguration;
			buildSettings = {
				ASSETCATALOG_COMPILER_APPICON_NAME = AppIcon;
				CODE_SIGN_STYLE = Automatic;
				DEVELOPMENT_TEAM = 529UW8C346;
				INFOPLIST_FILE = "Ask It/Info.plist";
				LD_RUNPATH_SEARCH_PATHS = "$(inherited) @executable_path/Frameworks";
				PRODUCT_BUNDLE_IDENTIFIER = "com.workstreak.Ask-It";
				PRODUCT_NAME = "$(TARGET_NAME)";
				SWIFT_VERSION = 4.0;
				TARGETED_DEVICE_FAMILY = "1,2";
			};
			name = Release;
		};
		20B799BC2001BE6E00121575 /* Debug */ = {
			isa = XCBuildConfiguration;
			buildSettings = {
				ALWAYS_EMBED_SWIFT_STANDARD_LIBRARIES = YES;
				BUNDLE_LOADER = "$(TEST_HOST)";
				CODE_SIGN_STYLE = Automatic;
				DEVELOPMENT_TEAM = 529UW8C346;
				INFOPLIST_FILE = "Ask ItTests/Info.plist";
				LD_RUNPATH_SEARCH_PATHS = "$(inherited) @executable_path/Frameworks @loader_path/Frameworks";
				PRODUCT_BUNDLE_IDENTIFIER = "com.workstreak.Ask-ItTests";
				PRODUCT_NAME = "$(TARGET_NAME)";
				SWIFT_VERSION = 4.0;
				TARGETED_DEVICE_FAMILY = "1,2";
				TEST_HOST = "$(BUILT_PRODUCTS_DIR)/Ask It.app/Ask It";
			};
			name = Debug;
		};
		20B799BD2001BE6E00121575 /* Release */ = {
			isa = XCBuildConfiguration;
			buildSettings = {
				ALWAYS_EMBED_SWIFT_STANDARD_LIBRARIES = YES;
				BUNDLE_LOADER = "$(TEST_HOST)";
				CODE_SIGN_STYLE = Automatic;
				DEVELOPMENT_TEAM = 529UW8C346;
				INFOPLIST_FILE = "Ask ItTests/Info.plist";
				LD_RUNPATH_SEARCH_PATHS = "$(inherited) @executable_path/Frameworks @loader_path/Frameworks";
				PRODUCT_BUNDLE_IDENTIFIER = "com.workstreak.Ask-ItTests";
				PRODUCT_NAME = "$(TARGET_NAME)";
				SWIFT_VERSION = 4.0;
				TARGETED_DEVICE_FAMILY = "1,2";
				TEST_HOST = "$(BUILT_PRODUCTS_DIR)/Ask It.app/Ask It";
			};
			name = Release;
		};
		20B799BF2001BE6E00121575 /* Debug */ = {
			isa = XCBuildConfiguration;
			buildSettings = {
				ALWAYS_EMBED_SWIFT_STANDARD_LIBRARIES = YES;
				CODE_SIGN_STYLE = Automatic;
				DEVELOPMENT_TEAM = 529UW8C346;
				INFOPLIST_FILE = "Ask ItUITests/Info.plist";
				LD_RUNPATH_SEARCH_PATHS = "$(inherited) @executable_path/Frameworks @loader_path/Frameworks";
				PRODUCT_BUNDLE_IDENTIFIER = "com.workstreak.Ask-ItUITests";
				PRODUCT_NAME = "$(TARGET_NAME)";
				SWIFT_VERSION = 4.0;
				TARGETED_DEVICE_FAMILY = "1,2";
				TEST_TARGET_NAME = "Ask It";
			};
			name = Debug;
		};
		20B799C02001BE6E00121575 /* Release */ = {
			isa = XCBuildConfiguration;
			buildSettings = {
				ALWAYS_EMBED_SWIFT_STANDARD_LIBRARIES = YES;
				CODE_SIGN_STYLE = Automatic;
				DEVELOPMENT_TEAM = 529UW8C346;
				INFOPLIST_FILE = "Ask ItUITests/Info.plist";
				LD_RUNPATH_SEARCH_PATHS = "$(inherited) @executable_path/Frameworks @loader_path/Frameworks";
				PRODUCT_BUNDLE_IDENTIFIER = "com.workstreak.Ask-ItUITests";
				PRODUCT_NAME = "$(TARGET_NAME)";
				SWIFT_VERSION = 4.0;
				TARGETED_DEVICE_FAMILY = "1,2";
				TEST_TARGET_NAME = "Ask It";
			};
			name = Release;
		};
/* End XCBuildConfiguration section */

/* Begin XCConfigurationList section */
		20B799882001BE6D00121575 /* Build configuration list for PBXProject "Ask It" */ = {
			isa = XCConfigurationList;
			buildConfigurations = (
				20B799B62001BE6E00121575 /* Debug */,
				20B799B72001BE6E00121575 /* Release */,
			);
			defaultConfigurationIsVisible = 0;
			defaultConfigurationName = Release;
		};
		20B799B82001BE6E00121575 /* Build configuration list for PBXNativeTarget "Ask It" */ = {
			isa = XCConfigurationList;
			buildConfigurations = (
				20B799B92001BE6E00121575 /* Debug */,
				20B799BA2001BE6E00121575 /* Release */,
			);
			defaultConfigurationIsVisible = 0;
			defaultConfigurationName = Release;
		};
		20B799BB2001BE6E00121575 /* Build configuration list for PBXNativeTarget "Ask ItTests" */ = {
			isa = XCConfigurationList;
			buildConfigurations = (
				20B799BC2001BE6E00121575 /* Debug */,
				20B799BD2001BE6E00121575 /* Release */,
			);
			defaultConfigurationIsVisible = 0;
			defaultConfigurationName = Release;
		};
		20B799BE2001BE6E00121575 /* Build configuration list for PBXNativeTarget "Ask ItUITests" */ = {
			isa = XCConfigurationList;
			buildConfigurations = (
				20B799BF2001BE6E00121575 /* Debug */,
				20B799C02001BE6E00121575 /* Release */,
			);
			defaultConfigurationIsVisible = 0;
			defaultConfigurationName = Release;
		};
/* End XCConfigurationList section */

/* Begin XCVersionGroup section */
		20B799972001BE6D00121575 /* Ask_It.xcdatamodeld */ = {
			isa = XCVersionGroup;
			children = (
				20B799982001BE6D00121575 /* Ask_It.xcdatamodel */,
			);
			currentVersion = 20B799982001BE6D00121575 /* Ask_It.xcdatamodel */;
			path = Ask_It.xcdatamodeld;
			sourceTree = "<group>";
			versionGroupType = wrapper.xcdatamodel;
		};
/* End XCVersionGroup section */
	};
	rootObject = 20B799852001BE6D00121575 /* Project object */;
}
